
Microsoft Visual Studio Solution File, Format Version 12.00
# Visual Studio Version 16
VisualStudioVersion = 16.0.30413.136
MinimumVisualStudioVersion = 10.0.40219.1
Project("{FAE04EC0-301F-11D3-BF4B-00C04F79EFBC}") = "MoneyTracker2", "Server\MoneyTracker2.csproj", "{32729DEF-6DA7-4847-83C3-AB5562B1E7D5}"
EndProject
Project("{2150E333-8FDC-42A3-9474-1A3956D46DE8}") = "Solution Items", "Solution Items", "{D2091D32-3362-497E-B54E-16C041B2C499}"
	ProjectSection(SolutionItems) = preProject
		.editorconfig = .editorconfig
	EndProjectSection
EndProject
Global
	GlobalSection(SolutionConfigurationPlatforms) = preSolution
		Debug|Any CPU = Debug|Any CPU
		Release|Any CPU = Release|Any CPU
	EndGlobalSection
	GlobalSection(ProjectConfigurationPlatforms) = postSolution
		{32729DEF-6DA7-4847-83C3-AB5562B1E7D5}.Debug|Any CPU.ActiveCfg = Debug|Any CPU
		{32729DEF-6DA7-4847-83C3-AB5562B1E7D5}.Debug|Any CPU.Build.0 = Debug|Any CPU
		{32729DEF-6DA7-4847-83C3-AB5562B1E7D5}.Release|Any CPU.ActiveCfg = Release|Any CPU
		{32729DEF-6DA7-4847-83C3-AB5562B1E7D5}.Release|Any CPU.Build.0 = Release|Any CPU
	EndGlobalSection
	GlobalSection(SolutionProperties) = preSolution
		HideSolutionNode = FALSE
	EndGlobalSection
	GlobalSection(ExtensibilityGlobals) = postSolution
		SolutionGuid = {9B143CC8-D0CA-491F-854C-7B6EC5644549}
	EndGlobalSection
EndGlobal
